<?xml version="1.0" encoding="utf-8"?>
<Project ToolsVersion="4.0" xmlns="http://schemas.microsoft.com/developer/msbuild/2003">
  <ItemGroup>
    <Filter Include="source">
      <UniqueIdentifier>{3268ae90-ab51-4b3d-bf41-e6315d3c0df3}</UniqueIdentifier>
      <Extensions>cpp;c;cxx;def;odl;idl;hpj;bat;asm</Extensions>
    </Filter>
    <Filter Include="include">
      <UniqueIdentifier>{53dd77bf-be16-4460-a083-e12c070ed364}</UniqueIdentifier>
      <Extensions>h;hpp;hxx;hm;inl;inc</Extensions>
    </Filter>
    <Filter Include="resource">
      <UniqueIdentifier>{1bfe5634-47c3-4a41-b824-d19e7df9ffa1}</UniqueIdentifier>
      <Extensions>rc;ico;cur;bmp;dlg;rc2;rct;bin;rgs;jpg;jpeg;jpe;png;manifest</Extensions>
    </Filter>
  </ItemGroup>
  <ItemGroup>
    <None Include="res\CallofDefense.ico">
      <Filter>resource</Filter>
    </None>
    <None Include="..\Resources\CloseSelected.png">
      <Filter>resource</Filter>
    </None>
    <None Include="..\Resources\CloseNormal.png">
      <Filter>resource</Filter>
    </None>
    <None Include="..\Resources\HelloWorld.png">
      <Filter>resource</Filter>
    </None>
  </ItemGroup>
  <ItemGroup>
    <ResourceCompile Include="CallofDefense.rc">
      <Filter>resource</Filter>
    </ResourceCompile>
  </ItemGroup>
  <ItemGroup>
    <ClCompile Include="..\Classes\AppDelegate.cpp">
      <Filter>source</Filter>
    </ClCompile>
    <ClCompile Include="main.cpp">
      <Filter>source</Filter>
    </ClCompile>
    <ClCompile Include="..\Classes\DemoScene.cpp">
      <Filter>source</Filter>
    </ClCompile>
    <ClCompile Include="..\Classes\PlantManager.cpp">
      <Filter>source</Filter>
    </ClCompile>
    <ClCompile Include="..\Classes\ZombieManager.cpp">
      <Filter>source</Filter>
    </ClCompile>
    <ClCompile Include="..\Classes\Plant.cpp">
      <Filter>source</Filter>
    </ClCompile>
    <ClCompile Include="..\Classes\Zombie.cpp">
      <Filter>source</Filter>
    </ClCompile>
    <ClCompile Include="..\Classes\TouchLayer.cpp">
      <Filter>source</Filter>
    </ClCompile>
    <ClCompile Include="..\Classes\SunShine.cpp">
      <Filter>source</Filter>
    </ClCompile>
    <ClCompile Include="..\Classes\SpaceNut.cpp">
      <Filter>source</Filter>
    </ClCompile>
    <ClCompile Include="..\Classes\SpaceAdventureScene.cpp">
      <Filter>source</Filter>
    </ClCompile>
    <ClCompile Include="..\Classes\Shield.cpp">
      <Filter>source</Filter>
    </ClCompile>
    <ClCompile Include="..\Classes\SpaceZombie.cpp">
      <Filter>source</Filter>
    </ClCompile>
    <ClCompile Include="..\Classes\BootScene.cpp">
      <Filter>source</Filter>
    </ClCompile>
  </ItemGroup>
  <ItemGroup>
    <ClInclude Include="..\Classes\AppDelegate.h">
      <Filter>include</Filter>
    </ClInclude>
    <ClInclude Include="main.h">
      <Filter>include</Filter>
    </ClInclude>
    <ClInclude Include="resource.h">
      <Filter>include</Filter>
    </ClInclude>
    <ClInclude Include="..\Classes\DemoScene.h">
      <Filter>include</Filter>
    </ClInclude>
    <ClInclude Include="..\Classes\PlantManager.h">
      <Filter>include</Filter>
    </ClInclude>
    <ClInclude Include="..\Classes\EnumPlantType.h">
      <Filter>include</Filter>
    </ClInclude>
    <ClInclude Include="..\Classes\ZombieManager.h">
      <Filter>include</Filter>
    </ClInclude>
    <ClInclude Include="..\Classes\Plant.h">
      <Filter>include</Filter>
    </ClInclude>
    <ClInclude Include="..\Classes\Zombie.h">
      <Filter>include</Filter>
    </ClInclude>
    <ClInclude Include="..\Classes\TouchLayer.h">
      <Filter>include</Filter>
    </ClInclude>
    <ClInclude Include="..\Classes\SunShine.h">
      <Filter>include</Filter>
    </ClInclude>
    <ClInclude Include="..\Classes\SpaceAdventureScene.h">
      <Filter>include</Filter>
    </ClInclude>
    <ClInclude Include="..\Classes\SpaceNut.h">
      <Filter>include</Filter>
    </ClInclude>
    <ClInclude Include="..\Classes\Shield.h">
      <Filter>include</Filter>
    </ClInclude>
    <ClInclude Include="..\Classes\GlobalDefs.h">
      <Filter>include</Filter>
    </ClInclude>
    <ClInclude Include="..\Classes\SpaceZombie.h">
      <Filter>include</Filter>
    </ClInclude>
    <ClInclude Include="..\Classes\BootScene.h">
      <Filter>include</Filter>
    </ClInclude>
  </ItemGroup>
</Project>